
Microsoft Visual Studio Solution File, Format Version 12.00
# Visual Studio Version 16
VisualStudioVersion = 16.0.30011.22
MinimumVisualStudioVersion = 10.0.40219.1
Project("{FAE04EC0-301F-11D3-BF4B-00C04F79EFBC}") = "Bank", "Bank\Bank.csproj", "{3363E77E-AC1D-4410-BB11-A9782A4E11A1}"
EndProject
Project("{2150E333-8FDC-42A3-9474-1A3956D46DE8}") = "ADO.NET", "ADO.NET", "{10EB82BB-2DE3-4310-A208-8DE4AD1E6898}"
EndProject
Project("{FAE04EC0-301F-11D3-BF4B-00C04F79EFBC}") = "StringConnecting_1", "StringConnecting_1\StringConnecting_1.csproj", "{324D054D-D650-4314-A2C4-D4CEE32B7689}"
EndProject
Project("{FAE04EC0-301F-11D3-BF4B-00C04F79EFBC}") = "ConnectionUsing_2", "ConnectionUsing_2\ConnectionUsing_2.csproj", "{5F55FFE3-96C0-49C1-A5AA-3ED455EDDF21}"
EndProject
Project("{FAE04EC0-301F-11D3-BF4B-00C04F79EFBC}") = "Pooling_3", "Pooling_3\Pooling_3.csproj", "{80272AC0-9DC6-419F-9625-3D01D82CF62F}"
EndProject
Project("{FAE04EC0-301F-11D3-BF4B-00C04F79EFBC}") = "App.Config_4", "App.Config_4\App.Config_4.csproj", "{1C2ABA56-B544-4EE2-BC00-6BD855BE4D2A}"
EndProject
Project("{FAE04EC0-301F-11D3-BF4B-00C04F79EFBC}") = "DataProviderFactory_5", "DataProviderFactory_5\DataProviderFactory_5.csproj", "{8BBD854E-5640-48A7-AA18-D4011E7664EC}"
EndProject
Project("{FAE04EC0-301F-11D3-BF4B-00C04F79EFBC}") = "ScalarCommand_6", "ScalarCommand_6\ScalarCommand_6.csproj", "{EE9A46BD-97F8-46B0-A177-2D5FEF53D744}"
EndProject
Project("{FAE04EC0-301F-11D3-BF4B-00C04F79EFBC}") = "NQCommand_7", "NQCommand_7\NQCommand_7.csproj", "{A8ED5355-999F-4BAF-A1CF-FE0C6FD81F2E}"
EndProject
Project("{FAE04EC0-301F-11D3-BF4B-00C04F79EFBC}") = "ReaderCommand_8", "ReaderCommand_8\ReaderCommand_8.csproj", "{576E6A91-F8D7-4FC8-813A-A8F332BF2645}"
EndProject
Project("{FAE04EC0-301F-11D3-BF4B-00C04F79EFBC}") = "AsyncCommand_9", "AsyncCommand_9\AsyncCommand_9.csproj", "{02A6F80C-2F57-4F39-97F6-6DC578F116D4}"
EndProject
Project("{FAE04EC0-301F-11D3-BF4B-00C04F79EFBC}") = "PackageCommand_10", "PackageCommand_10\PackageCommand_10.csproj", "{7BADD915-B872-43E6-9061-3F7C0BC4B8A8}"
EndProject
Project("{FAE04EC0-301F-11D3-BF4B-00C04F79EFBC}") = "Transaction_11", "Transaction_11\Transaction_11.csproj", "{1AC1494C-A0F4-4FD0-91FA-6AF0F6B58310}"
EndProject
Project("{FAE04EC0-301F-11D3-BF4B-00C04F79EFBC}") = "Dirty_Read_12", "Dirty_Read_12\Dirty_Read_12.csproj", "{B4323E00-4A91-4935-B083-035BD54B3B8A}"
EndProject
Project("{FAE04EC0-301F-11D3-BF4B-00C04F79EFBC}") = "Dirty_Read_12.2", "Dirty_Read_12.2\Dirty_Read_12.2.csproj", "{409A256F-D523-49EF-AF0F-231C34CFD6F5}"
EndProject
Project("{FAE04EC0-301F-11D3-BF4B-00C04F79EFBC}") = "ParametrizedCommand_13", "ParametrizedCommand_13\ParametrizedCommand_13.csproj", "{FF0E17BC-3869-4CB1-BF7B-9B1A685098C0}"
EndProject
Project("{FAE04EC0-301F-11D3-BF4B-00C04F79EFBC}") = "ParametrizedCommand_13.2", "ParametrizedCommand_13.2\ParametrizedCommand_13.2.csproj", "{E32DD0CE-5BD4-46C5-BCF2-E03C584EF2DB}"
EndProject
Global
	GlobalSection(SolutionConfigurationPlatforms) = preSolution
		Debug|Any CPU = Debug|Any CPU
		Release|Any CPU = Release|Any CPU
	EndGlobalSection
	GlobalSection(ProjectConfigurationPlatforms) = postSolution
		{3363E77E-AC1D-4410-BB11-A9782A4E11A1}.Debug|Any CPU.ActiveCfg = Debug|Any CPU
		{3363E77E-AC1D-4410-BB11-A9782A4E11A1}.Debug|Any CPU.Build.0 = Debug|Any CPU
		{3363E77E-AC1D-4410-BB11-A9782A4E11A1}.Release|Any CPU.ActiveCfg = Release|Any CPU
		{3363E77E-AC1D-4410-BB11-A9782A4E11A1}.Release|Any CPU.Build.0 = Release|Any CPU
		{324D054D-D650-4314-A2C4-D4CEE32B7689}.Debug|Any CPU.ActiveCfg = Debug|Any CPU
		{324D054D-D650-4314-A2C4-D4CEE32B7689}.Debug|Any CPU.Build.0 = Debug|Any CPU
		{324D054D-D650-4314-A2C4-D4CEE32B7689}.Release|Any CPU.ActiveCfg = Release|Any CPU
		{324D054D-D650-4314-A2C4-D4CEE32B7689}.Release|Any CPU.Build.0 = Release|Any CPU
		{5F55FFE3-96C0-49C1-A5AA-3ED455EDDF21}.Debug|Any CPU.ActiveCfg = Debug|Any CPU
		{5F55FFE3-96C0-49C1-A5AA-3ED455EDDF21}.Debug|Any CPU.Build.0 = Debug|Any CPU
		{5F55FFE3-96C0-49C1-A5AA-3ED455EDDF21}.Release|Any CPU.ActiveCfg = Release|Any CPU
		{5F55FFE3-96C0-49C1-A5AA-3ED455EDDF21}.Release|Any CPU.Build.0 = Release|Any CPU
		{80272AC0-9DC6-419F-9625-3D01D82CF62F}.Debug|Any CPU.ActiveCfg = Debug|Any CPU
		{80272AC0-9DC6-419F-9625-3D01D82CF62F}.Debug|Any CPU.Build.0 = Debug|Any CPU
		{80272AC0-9DC6-419F-9625-3D01D82CF62F}.Release|Any CPU.ActiveCfg = Release|Any CPU
		{80272AC0-9DC6-419F-9625-3D01D82CF62F}.Release|Any CPU.Build.0 = Release|Any CPU
		{1C2ABA56-B544-4EE2-BC00-6BD855BE4D2A}.Debug|Any CPU.ActiveCfg = Debug|Any CPU
		{1C2ABA56-B544-4EE2-BC00-6BD855BE4D2A}.Debug|Any CPU.Build.0 = Debug|Any CPU
		{1C2ABA56-B544-4EE2-BC00-6BD855BE4D2A}.Release|Any CPU.ActiveCfg = Release|Any CPU
		{1C2ABA56-B544-4EE2-BC00-6BD855BE4D2A}.Release|Any CPU.Build.0 = Release|Any CPU
		{8BBD854E-5640-48A7-AA18-D4011E7664EC}.Debug|Any CPU.ActiveCfg = Debug|Any CPU
		{8BBD854E-5640-48A7-AA18-D4011E7664EC}.Debug|Any CPU.Build.0 = Debug|Any CPU
		{8BBD854E-5640-48A7-AA18-D4011E7664EC}.Release|Any CPU.ActiveCfg = Release|Any CPU
		{8BBD854E-5640-48A7-AA18-D4011E7664EC}.Release|Any CPU.Build.0 = Release|Any CPU
		{EE9A46BD-97F8-46B0-A177-2D5FEF53D744}.Debug|Any CPU.ActiveCfg = Debug|Any CPU
		{EE9A46BD-97F8-46B0-A177-2D5FEF53D744}.Debug|Any CPU.Build.0 = Debug|Any CPU
		{EE9A46BD-97F8-46B0-A177-2D5FEF53D744}.Release|Any CPU.ActiveCfg = Release|Any CPU
		{EE9A46BD-97F8-46B0-A177-2D5FEF53D744}.Release|Any CPU.Build.0 = Release|Any CPU
		{A8ED5355-999F-4BAF-A1CF-FE0C6FD81F2E}.Debug|Any CPU.ActiveCfg = Debug|Any CPU
		{A8ED5355-999F-4BAF-A1CF-FE0C6FD81F2E}.Debug|Any CPU.Build.0 = Debug|Any CPU
		{A8ED5355-999F-4BAF-A1CF-FE0C6FD81F2E}.Release|Any CPU.ActiveCfg = Release|Any CPU
		{A8ED5355-999F-4BAF-A1CF-FE0C6FD81F2E}.Release|Any CPU.Build.0 = Release|Any CPU
		{576E6A91-F8D7-4FC8-813A-A8F332BF2645}.Debug|Any CPU.ActiveCfg = Debug|Any CPU
		{576E6A91-F8D7-4FC8-813A-A8F332BF2645}.Debug|Any CPU.Build.0 = Debug|Any CPU
		{576E6A91-F8D7-4FC8-813A-A8F332BF2645}.Release|Any CPU.ActiveCfg = Release|Any CPU
		{576E6A91-F8D7-4FC8-813A-A8F332BF2645}.Release|Any CPU.Build.0 = Release|Any CPU
		{02A6F80C-2F57-4F39-97F6-6DC578F116D4}.Debug|Any CPU.ActiveCfg = Debug|Any CPU
		{02A6F80C-2F57-4F39-97F6-6DC578F116D4}.Debug|Any CPU.Build.0 = Debug|Any CPU
		{02A6F80C-2F57-4F39-97F6-6DC578F116D4}.Release|Any CPU.ActiveCfg = Release|Any CPU
		{02A6F80C-2F57-4F39-97F6-6DC578F116D4}.Release|Any CPU.Build.0 = Release|Any CPU
		{7BADD915-B872-43E6-9061-3F7C0BC4B8A8}.Debug|Any CPU.ActiveCfg = Debug|Any CPU
		{7BADD915-B872-43E6-9061-3F7C0BC4B8A8}.Debug|Any CPU.Build.0 = Debug|Any CPU
		{7BADD915-B872-43E6-9061-3F7C0BC4B8A8}.Release|Any CPU.ActiveCfg = Release|Any CPU
		{7BADD915-B872-43E6-9061-3F7C0BC4B8A8}.Release|Any CPU.Build.0 = Release|Any CPU
		{1AC1494C-A0F4-4FD0-91FA-6AF0F6B58310}.Debug|Any CPU.ActiveCfg = Debug|Any CPU
		{1AC1494C-A0F4-4FD0-91FA-6AF0F6B58310}.Debug|Any CPU.Build.0 = Debug|Any CPU
		{1AC1494C-A0F4-4FD0-91FA-6AF0F6B58310}.Release|Any CPU.ActiveCfg = Release|Any CPU
		{1AC1494C-A0F4-4FD0-91FA-6AF0F6B58310}.Release|Any CPU.Build.0 = Release|Any CPU
		{B4323E00-4A91-4935-B083-035BD54B3B8A}.Debug|Any CPU.ActiveCfg = Debug|Any CPU
		{B4323E00-4A91-4935-B083-035BD54B3B8A}.Debug|Any CPU.Build.0 = Debug|Any CPU
		{B4323E00-4A91-4935-B083-035BD54B3B8A}.Release|Any CPU.ActiveCfg = Release|Any CPU
		{B4323E00-4A91-4935-B083-035BD54B3B8A}.Release|Any CPU.Build.0 = Release|Any CPU
		{409A256F-D523-49EF-AF0F-231C34CFD6F5}.Debug|Any CPU.ActiveCfg = Debug|Any CPU
		{409A256F-D523-49EF-AF0F-231C34CFD6F5}.Debug|Any CPU.Build.0 = Debug|Any CPU
		{409A256F-D523-49EF-AF0F-231C34CFD6F5}.Release|Any CPU.ActiveCfg = Release|Any CPU
		{409A256F-D523-49EF-AF0F-231C34CFD6F5}.Release|Any CPU.Build.0 = Release|Any CPU
		{FF0E17BC-3869-4CB1-BF7B-9B1A685098C0}.Debug|Any CPU.ActiveCfg = Debug|Any CPU
		{FF0E17BC-3869-4CB1-BF7B-9B1A685098C0}.Debug|Any CPU.Build.0 = Debug|Any CPU
		{FF0E17BC-3869-4CB1-BF7B-9B1A685098C0}.Release|Any CPU.ActiveCfg = Release|Any CPU
		{FF0E17BC-3869-4CB1-BF7B-9B1A685098C0}.Release|Any CPU.Build.0 = Release|Any CPU
		{E32DD0CE-5BD4-46C5-BCF2-E03C584EF2DB}.Debug|Any CPU.ActiveCfg = Debug|Any CPU
		{E32DD0CE-5BD4-46C5-BCF2-E03C584EF2DB}.Debug|Any CPU.Build.0 = Debug|Any CPU
		{E32DD0CE-5BD4-46C5-BCF2-E03C584EF2DB}.Release|Any CPU.ActiveCfg = Release|Any CPU
		{E32DD0CE-5BD4-46C5-BCF2-E03C584EF2DB}.Release|Any CPU.Build.0 = Release|Any CPU
	EndGlobalSection
	GlobalSection(SolutionProperties) = preSolution
		HideSolutionNode = FALSE
	EndGlobalSection
	GlobalSection(NestedProjects) = preSolution
		{324D054D-D650-4314-A2C4-D4CEE32B7689} = {10EB82BB-2DE3-4310-A208-8DE4AD1E6898}
		{5F55FFE3-96C0-49C1-A5AA-3ED455EDDF21} = {10EB82BB-2DE3-4310-A208-8DE4AD1E6898}
		{80272AC0-9DC6-419F-9625-3D01D82CF62F} = {10EB82BB-2DE3-4310-A208-8DE4AD1E6898}
		{1C2ABA56-B544-4EE2-BC00-6BD855BE4D2A} = {10EB82BB-2DE3-4310-A208-8DE4AD1E6898}
		{8BBD854E-5640-48A7-AA18-D4011E7664EC} = {10EB82BB-2DE3-4310-A208-8DE4AD1E6898}
		{EE9A46BD-97F8-46B0-A177-2D5FEF53D744} = {10EB82BB-2DE3-4310-A208-8DE4AD1E6898}
		{A8ED5355-999F-4BAF-A1CF-FE0C6FD81F2E} = {10EB82BB-2DE3-4310-A208-8DE4AD1E6898}
		{576E6A91-F8D7-4FC8-813A-A8F332BF2645} = {10EB82BB-2DE3-4310-A208-8DE4AD1E6898}
		{02A6F80C-2F57-4F39-97F6-6DC578F116D4} = {10EB82BB-2DE3-4310-A208-8DE4AD1E6898}
		{7BADD915-B872-43E6-9061-3F7C0BC4B8A8} = {10EB82BB-2DE3-4310-A208-8DE4AD1E6898}
		{1AC1494C-A0F4-4FD0-91FA-6AF0F6B58310} = {10EB82BB-2DE3-4310-A208-8DE4AD1E6898}
		{B4323E00-4A91-4935-B083-035BD54B3B8A} = {10EB82BB-2DE3-4310-A208-8DE4AD1E6898}
		{409A256F-D523-49EF-AF0F-231C34CFD6F5} = {10EB82BB-2DE3-4310-A208-8DE4AD1E6898}
		{FF0E17BC-3869-4CB1-BF7B-9B1A685098C0} = {10EB82BB-2DE3-4310-A208-8DE4AD1E6898}
		{E32DD0CE-5BD4-46C5-BCF2-E03C584EF2DB} = {10EB82BB-2DE3-4310-A208-8DE4AD1E6898}
	EndGlobalSection
	GlobalSection(ExtensibilityGlobals) = postSolution
		SolutionGuid = {FF670A5D-6867-4B87-B8EE-47E423B25EEB}
	EndGlobalSection
EndGlobal
